
Microsoft Visual Studio Solution File, Format Version 12.00
# Visual Studio Version 16
VisualStudioVersion = 16.0.30907.101
MinimumVisualStudioVersion = 10.0.40219.1
Project("{FAE04EC0-301F-11D3-BF4B-00C04F79EFBC}") = "ISM 4300 Average", "ISM 4300 Average\ISM 4300 Average.csproj", "{7E327FB6-6DD4-4E72-A922-BCC33DA81466}"
EndProject
Global
	GlobalSection(SolutionConfigurationPlatforms) = preSolution
		Debug|Any CPU = Debug|Any CPU
		Release|Any CPU = Release|Any CPU
	EndGlobalSection
	GlobalSection(ProjectConfigurationPlatforms) = postSolution
		{7E327FB6-6DD4-4E72-A922-BCC33DA81466}.Debug|Any CPU.ActiveCfg = Debug|Any CPU
		{7E327FB6-6DD4-4E72-A922-BCC33DA81466}.Debug|Any CPU.Build.0 = Debug|Any CPU
		{7E327FB6-6DD4-4E72-A922-BCC33DA81466}.Release|Any CPU.ActiveCfg = Release|Any CPU
		{7E327FB6-6DD4-4E72-A922-BCC33DA81466}.Release|Any CPU.Build.0 = Release|Any CPU
	EndGlobalSection
	GlobalSection(SolutionProperties) = preSolution
		HideSolutionNode = FALSE
	EndGlobalSection
	GlobalSection(ExtensibilityGlobals) = postSolution
		SolutionGuid = {E600A404-0C4B-4916-B1D6-76141303A67B}
	EndGlobalSection
EndGlobal
